
Microsoft Visual Studio Solution File, Format Version 12.00
# Visual Studio 15
VisualStudioVersion = 15.0.27004.2010
MinimumVisualStudioVersion = 10.0.40219.1
Project("{9A19103F-16F7-4668-BE54-9A1E7A4F7556}") = "Redsis.EVA.Client.Common", "PRUEBA1\Redsis.EVA.Client.Common.csproj", "{F10B1EA3-D775-47C2-8CC8-C5B44D3D1DA0}"
EndProject
Project("{9A19103F-16F7-4668-BE54-9A1E7A4F7556}") = "Redsis.EVA.Client.Core", "EVA.Client.Core\Redsis.EVA.Client.Core.csproj", "{A7508E2A-0A07-47D1-A61E-D836E60ADA4A}"
EndProject
Global
	GlobalSection(SolutionConfigurationPlatforms) = preSolution
		Debug|Any CPU = Debug|Any CPU
		Release|Any CPU = Release|Any CPU
	EndGlobalSection
	GlobalSection(ProjectConfigurationPlatforms) = postSolution
		{F10B1EA3-D775-47C2-8CC8-C5B44D3D1DA0}.Debug|Any CPU.ActiveCfg = Debug|Any CPU
		{F10B1EA3-D775-47C2-8CC8-C5B44D3D1DA0}.Debug|Any CPU.Build.0 = Debug|Any CPU
		{F10B1EA3-D775-47C2-8CC8-C5B44D3D1DA0}.Release|Any CPU.ActiveCfg = Release|Any CPU
		{F10B1EA3-D775-47C2-8CC8-C5B44D3D1DA0}.Release|Any CPU.Build.0 = Release|Any CPU
		{A7508E2A-0A07-47D1-A61E-D836E60ADA4A}.Debug|Any CPU.ActiveCfg = Debug|Any CPU
		{A7508E2A-0A07-47D1-A61E-D836E60ADA4A}.Debug|Any CPU.Build.0 = Debug|Any CPU
		{A7508E2A-0A07-47D1-A61E-D836E60ADA4A}.Release|Any CPU.ActiveCfg = Release|Any CPU
		{A7508E2A-0A07-47D1-A61E-D836E60ADA4A}.Release|Any CPU.Build.0 = Release|Any CPU
	EndGlobalSection
	GlobalSection(SolutionProperties) = preSolution
		HideSolutionNode = FALSE
	EndGlobalSection
	GlobalSection(ExtensibilityGlobals) = postSolution
		SolutionGuid = {6E22F406-F2C7-4F42-B6D7-D18483393539}
	EndGlobalSection
	GlobalSection(TeamFoundationVersionControl) = preSolution
		SccNumberOfProjects = 2
		SccEnterpriseProvider = {4CA58AB2-18FA-4F8D-95D4-32DDF27D184C}
		SccTeamFoundationServer = https://evapos2.visualstudio.com/
		SccProjectUniqueName0 = PRUEBA1\\Redsis.EVA.Client.Common.csproj
		SccProjectName0 = $/EvaPos2/Desarrollo/Redsis.EVA.Desarrollo.V2.0.0.1/PRUEBA1/PRUEBA1
		SccAuxPath0 = https://evapos2.visualstudio.com
		SccLocalPath0 = PRUEBA1
		SccProvider0 = {4CA58AB2-18FA-4F8D-95D4-32DDF27D184C}
		SccProjectUniqueName1 = EVA.Client.Core\\Redsis.EVA.Client.Core.csproj
		SccProjectName1 = $/EvaPos2/Desarrollo/Redsis.EVA.Desarrollo.V2.0.0.1/PRUEBA1/EVA.Client.Core
		SccAuxPath1 = https://evapos2.visualstudio.com
		SccLocalPath1 = EVA.Client.Core
		SccProvider1 = {4CA58AB2-18FA-4F8D-95D4-32DDF27D184C}
	EndGlobalSection
EndGlobal
